
Microsoft Visual Studio Solution File, Format Version 12.00
# Visual Studio Version 17
VisualStudioVersion = 17.3.32922.545
MinimumVisualStudioVersion = 10.0.40219.1
Project("{FAE04EC0-301F-11D3-BF4B-00C04F79EFBC}") = "DataStructure", "DataStructureLinkedList\DataStructure.csproj", "{C51A53C1-848C-44A4-9ADE-F07287D4F07B}"
EndProject
Global
	GlobalSection(SolutionConfigurationPlatforms) = preSolution
		Debug|Any CPU = Debug|Any CPU
		Release|Any CPU = Release|Any CPU
	EndGlobalSection
	GlobalSection(ProjectConfigurationPlatforms) = postSolution
		{C51A53C1-848C-44A4-9ADE-F07287D4F07B}.Debug|Any CPU.ActiveCfg = Debug|Any CPU
		{C51A53C1-848C-44A4-9ADE-F07287D4F07B}.Debug|Any CPU.Build.0 = Debug|Any CPU
		{C51A53C1-848C-44A4-9ADE-F07287D4F07B}.Release|Any CPU.ActiveCfg = Release|Any CPU
		{C51A53C1-848C-44A4-9ADE-F07287D4F07B}.Release|Any CPU.Build.0 = Release|Any CPU
	EndGlobalSection
	GlobalSection(SolutionProperties) = preSolution
		HideSolutionNode = FALSE
	EndGlobalSection
	GlobalSection(ExtensibilityGlobals) = postSolution
		SolutionGuid = {221454D8-D28D-4111-9886-6058B91A561C}
	EndGlobalSection
EndGlobal
